
Microsoft Visual Studio Solution File, Format Version 12.00
# Visual Studio Version 17
VisualStudioVersion = 17.14.36429.23 d17.14
MinimumVisualStudioVersion = 10.0.40219.1
Project("{FAE04EC0-301F-11D3-BF4B-00C04F79EFBC}") = "testCode", "testCode\testCode.csproj", "{80DC9519-D989-4391-AF25-E6C399A7D939}"
EndProject
Global
	GlobalSection(SolutionConfigurationPlatforms) = preSolution
		Debug|Any CPU = Debug|Any CPU
		Release|Any CPU = Release|Any CPU
	EndGlobalSection
	GlobalSection(ProjectConfigurationPlatforms) = postSolution
		{80DC9519-D989-4391-AF25-E6C399A7D939}.Debug|Any CPU.ActiveCfg = Debug|Any CPU
		{80DC9519-D989-4391-AF25-E6C399A7D939}.Debug|Any CPU.Build.0 = Debug|Any CPU
		{80DC9519-D989-4391-AF25-E6C399A7D939}.Release|Any CPU.ActiveCfg = Release|Any CPU
		{80DC9519-D989-4391-AF25-E6C399A7D939}.Release|Any CPU.Build.0 = Release|Any CPU
	EndGlobalSection
	GlobalSection(SolutionProperties) = preSolution
		HideSolutionNode = FALSE
	EndGlobalSection
	GlobalSection(ExtensibilityGlobals) = postSolution
		SolutionGuid = {8A17AA1C-96F9-4FAB-A6E1-756A1D32EAA4}
	EndGlobalSection
EndGlobal
